Microsoft Visual Studio Solution File, Format Version 12.00
# Visual Studio Version 17
VisualStudioVersion = 17.5.2.0
MinimumVisualStudioVersion = 10.0.40219.1
Project("{FAE04EC0-301F-11D3-BF4B-00C04F79EFBC}") = "QLQuanKaraokeHKT", "QLQuanKaraokeHKT.csproj", "{8D717C73-B8D0-7A3B-D36C-1823B0E05BB1}"
EndProject
Global
	GlobalSection(SolutionConfigurationPlatforms) = preSolution
		Debug|Any CPU = Debug|Any CPU
		Release|Any CPU = Release|Any CPU
	EndGlobalSection
	GlobalSection(ProjectConfigurationPlatforms) = postSolution
		{8D717C73-B8D0-7A3B-D36C-1823B0E05BB1}.Debug|Any CPU.ActiveCfg = Debug|Any CPU
		{8D717C73-B8D0-7A3B-D36C-1823B0E05BB1}.Debug|Any CPU.Build.0 = Debug|Any CPU
		{8D717C73-B8D0-7A3B-D36C-1823B0E05BB1}.Release|Any CPU.ActiveCfg = Release|Any CPU
		{8D717C73-B8D0-7A3B-D36C-1823B0E05BB1}.Release|Any CPU.Build.0 = Release|Any CPU
	EndGlobalSection
	GlobalSection(SolutionProperties) = preSolution
		HideSolutionNode = FALSE
	EndGlobalSection
	GlobalSection(ExtensibilityGlobals) = postSolution
		SolutionGuid = {8B55A63F-7F24-4716-938E-33481FA3E31A}
	EndGlobalSection
EndGlobal
